
Microsoft Visual Studio Solution File, Format Version 12.00
# Visual Studio Version 17
VisualStudioVersion = 17.3.32825.248
MinimumVisualStudioVersion = 10.0.40219.1
Project("{FAE04EC0-301F-11D3-BF4B-00C04F79EFBC}") = "HanoiProblem", "HanoiProblem.csproj", "{C209FD0C-2BF7-43B8-85A0-1B2DB80803FE}"
EndProject
Global
	GlobalSection(SolutionConfigurationPlatforms) = preSolution
		Debug|Any CPU = Debug|Any CPU
		Release|Any CPU = Release|Any CPU
	EndGlobalSection
	GlobalSection(ProjectConfigurationPlatforms) = postSolution
		{C209FD0C-2BF7-43B8-85A0-1B2DB80803FE}.Debug|Any CPU.ActiveCfg = Debug|Any CPU
		{C209FD0C-2BF7-43B8-85A0-1B2DB80803FE}.Debug|Any CPU.Build.0 = Debug|Any CPU
		{C209FD0C-2BF7-43B8-85A0-1B2DB80803FE}.Release|Any CPU.ActiveCfg = Release|Any CPU
		{C209FD0C-2BF7-43B8-85A0-1B2DB80803FE}.Release|Any CPU.Build.0 = Release|Any CPU
	EndGlobalSection
	GlobalSection(SolutionProperties) = preSolution
		HideSolutionNode = FALSE
	EndGlobalSection
	GlobalSection(ExtensibilityGlobals) = postSolution
		SolutionGuid = {F1D1CBEC-B3B2-49BE-AB2B-6C7575856FD5}
	EndGlobalSection
EndGlobal
